chatwright.dev/runtime v0.1.1 h1:ZUbQgudU2+JS/hpmeSpCHQPBXzMpd1r3JEYEkoa5VMo=
chatwright.dev/runtime v0.1.1/go.mod h1:uuoeIRpdkLTOtr1p5hkHHkxCHKLzGcEP+VhuPeHUZ/k=
chatwright.dev/sdk v0.1.0 h1:kc594X1hlg2n53N0dGyJZADTt2M5xhoUrjL1f43CFU0=
chatwright.dev/sdk v0.1.0/go.mod h1:a2ysYRfjji0TS5byvqCDRc+VyaZ8T75G4teXCEj/EIU=
github.com/bahlo/generic-list-go v0.2.0 h1:5sz/EEAK+ls5wF+NeqDpk5+iNdMDXrh3z3nPnH1Wvgk=
github.com/bahlo/generic-list-go v0.2.0/go.mod h1:2KvAjgMlE5NNynlg/5iLrrCCZ2+5xWbdbCW3pNTGyYg=
github.com/bots-go-framework/bots-api-telegram v0.15.0 h1:JmZvTLSYgciTjxF/my7hvFaZxf4CLLxzzTeB5TtHquQ=
github.com/bots-go-framework/bots-api-telegram v0.15.0/go.mod h1:39UsWl1UWzNTsRMFkWMOCsUyRN8PpUfgR4S942T5Sr0=
github.com/bots-go-framework/bots-api-whatsapp v0.3.1 h1:yzMFz4wdWwDf3hi1rQ7uloiTiajt49YGYYmbzgDUjVQ=
github.com/bots-go-framework/bots-api-whatsapp v0.3.1/go.mod h1:Xy6RhbX7z1F6Nc2nGIitzbSxScjNvBrS93nu7ZhLpOA=
github.com/bots-go-framework/bots-go-core v0.2.5 h1:Uv9zb23yHJY/GnfEF6ocucAmfS12pwFHiig29ZoSqME=
github.com/bots-go-framework/bots-go-core v0.2.5/go.mod h1:O/J3Q4HhTpbsbCL87Zhlf1BPtvfVp9UcfBWsc8D8ghw=
github.com/buger/jsonparser v1.1.2 h1:frqHqw7otoVbk5M8LlE/L7HTnIq2v9RX6EJ48i9AxJk=
github.com/buger/jsonparser v1.1.2/go.mod h1:6RYKKt7H4d4+iWqouImQ9R2FZql3VbhNgx27UK13J/0=
github.com/davecgh/go-spew v1.1.1 h1:vj9j/u1bqnvCEfJOwUhtlOARqs3+rkHYY13jYWTU97c=
github.com/davecgh/go-spew v1.1.1/go.mod h1:J7Y8YcW2NihsgmVo/mv3lAwl/skON4iLHjSsI+c5H38=
github.com/invopop/jsonschema v0.14.0 h1:MHQqLhvpNUZfw+hM3AZDYK7jxO8FZoQeQM77g8iyZjg=
github.com/invopop/jsonschema v0.14.0/go.mod h1:ygm6C2EaVNMBDPpaPlnOA2pFAxBnxGjFlMZABxm9n2I=
github.com/pb33f/ordered-map/v2 v2.3.1 h1:5319HDO0aw4DA4gzi+zv4FXU9UlSs3xGZ40wcP1nBjY=
github.com/pb33f/ordered-map/v2 v2.3.1/go.mod h1:qxFQgd0PkVUtOMCkTapqotNgzRhMPL7VvaHKbd1HnmQ=
github.com/pmezard/go-difflib v1.0.0 h1:4DBwDE0NGyQoBHbLQYPwSUPoCMWR5BEzIk/f1lZbAQM=
github.com/pmezard/go-difflib v1.0.0/go.mod h1:iKH77koFhYxTK1pcRnkKkqfTogsbg7gZNVY4sRDYZ/4=
github.com/santhosh-tekuri/jsonschema/v6 v6.0.2 h1:KRzFb2m7YtdldCEkzs6KqmJw4nqEVZGK7IN2kJkjTuQ=
github.com/santhosh-tekuri/jsonschema/v6 v6.0.2/go.mod h1:JXeL+ps8p7/KNMjDQk3TCwPpBy0wYklyWTfbkIzdIFU=
github.com/stretchr/testify v1.11.1 h1:7s2iGBzp5EwR7/aIZr8ao5+dra3wiQyKjjFuvgVKu7U=
github.com/stretchr/testify v1.11.1/go.mod h1:wZwfW3scLgRK+23gO65QZefKpKQRnfz6sD981Nm4B6U=
github.com/strongo/logus v0.4.1 h1:jEkcT5JzawDYjexRVHkCQiG4tv6Bm2a/c/ZdLk0IPqM=
github.com/strongo/logus v0.4.1/go.mod h1:sd8gjJklqGQAg+Q0mlP5MWgzguAuxR25YYFSkfVOPdc=
github.com/technoweenie/multipartstreamer v1.0.1 h1:XRztA5MXiR1TIRHxH2uNxXxaIkKQDeX7m2XsSOlQEnM=
github.com/technoweenie/multipartstreamer v1.0.1/go.mod h1:jNVxdtShOxzAsukZwTSw6MDx5eUJoiEBsSvzDU9uzog=
go.yaml.in/yaml/v4 v4.0.0-rc.2 h1:/FrI8D64VSr4HtGIlUtlFMGsm7H7pWTbj6vOLVZcA6s=
go.yaml.in/yaml/v4 v4.0.0-rc.2/go.mod h1:aZqd9kCMsGL7AuUv/m/PvWLdg5sjJsZ4oHDEnfPPfY0=
golang.org/x/text v0.27.0 h1:4fGWRpyh641NLlecmyl4LOe6yDdfaYNrGb2zdfo4JV4=
golang.org/x/text v0.27.0/go.mod h1:1D28KMCvyooCX9hBiosv5Tz/+YLxj0j7XhWjpSUF7CU=
gopkg.in/yaml.v3 v3.0.1 h1:fxVm/GzAzEWqLHuvctI91KS9hhNmmWOoWu0XTYJS7CA=
gopkg.in/yaml.v3 v3.0.1/go.mod h1:K4uyk7z7BCEPqu6E+C64Yfv1cQ7kz7rIZviUmN+EgEM=
